
Microsoft Visual Studio Solution File, Format Version 12.00
# Visual Studio Version 16
VisualStudioVersion = 16.0.30611.23
MinimumVisualStudioVersion = 10.0.40219.1
Project("{FAE04EC0-301F-11D3-BF4B-00C04F79EFBC}") = "QRCodeReader", "QRCodeReader\QRCodeReader.csproj", "{C8793EA0-F004-4193-A10C-C1B8B49D339D}"
EndProject
Project("{FAE04EC0-301F-11D3-BF4B-00C04F79EFBC}") = "ORCodeRederConsole", "ORCodeRederAPI\ORCodeRederConsole.csproj", "{34E79B60-A039-47A0-B898-CFE88F2888AE}"
EndProject
Global
	GlobalSection(SolutionConfigurationPlatforms) = preSolution
		Debug|Any CPU = Debug|Any CPU
		Release|Any CPU = Release|Any CPU
	EndGlobalSection
	GlobalSection(ProjectConfigurationPlatforms) = postSolution
		{C8793EA0-F004-4193-A10C-C1B8B49D339D}.Debug|Any CPU.ActiveCfg = Debug|Any CPU
		{C8793EA0-F004-4193-A10C-C1B8B49D339D}.Debug|Any CPU.Build.0 = Debug|Any CPU
		{C8793EA0-F004-4193-A10C-C1B8B49D339D}.Release|Any CPU.ActiveCfg = Release|Any CPU
		{C8793EA0-F004-4193-A10C-C1B8B49D339D}.Release|Any CPU.Build.0 = Release|Any CPU
		{34E79B60-A039-47A0-B898-CFE88F2888AE}.Debug|Any CPU.ActiveCfg = Debug|Any CPU
		{34E79B60-A039-47A0-B898-CFE88F2888AE}.Debug|Any CPU.Build.0 = Debug|Any CPU
		{34E79B60-A039-47A0-B898-CFE88F2888AE}.Release|Any CPU.ActiveCfg = Release|Any CPU
		{34E79B60-A039-47A0-B898-CFE88F2888AE}.Release|Any CPU.Build.0 = Release|Any CPU
	EndGlobalSection
	GlobalSection(SolutionProperties) = preSolution
		HideSolutionNode = FALSE
	EndGlobalSection
	GlobalSection(ExtensibilityGlobals) = postSolution
		SolutionGuid = {393EE3D7-2EE0-4F14-BCB4-3C1F13631334}
	EndGlobalSection
EndGlobal
